
Microsoft Visual Studio Solution File, Format Version 12.00
# Visual Studio 15
VisualStudioVersion = 15.0.27004.2009
MinimumVisualStudioVersion = 10.0.40219.1
Project("{FAE04EC0-301F-11D3-BF4B-00C04F79EFBC}") = "KahvApp", "KahvApp\KahvApp.csproj", "{EB85E698-6B05-48B1-AB97-12F448444F84}"
EndProject
Global
	GlobalSection(SolutionConfigurationPlatforms) = preSolution
		Debug|Any CPU = Debug|Any CPU
		Release|Any CPU = Release|Any CPU
	EndGlobalSection
	GlobalSection(ProjectConfigurationPlatforms) = postSolution
		{EB85E698-6B05-48B1-AB97-12F448444F84}.Debug|Any CPU.ActiveCfg = Debug|Any CPU
		{EB85E698-6B05-48B1-AB97-12F448444F84}.Debug|Any CPU.Build.0 = Debug|Any CPU
		{EB85E698-6B05-48B1-AB97-12F448444F84}.Release|Any CPU.ActiveCfg = Release|Any CPU
		{EB85E698-6B05-48B1-AB97-12F448444F84}.Release|Any CPU.Build.0 = Release|Any CPU
	EndGlobalSection
	GlobalSection(SolutionProperties) = preSolution
		HideSolutionNode = FALSE
	EndGlobalSection
	GlobalSection(ExtensibilityGlobals) = postSolution
		SolutionGuid = {AA7EF408-691B-48B7-B819-014FC076A3A8}
	EndGlobalSection
EndGlobal
